dependencies:
- name: nelm-controller
  repository: file://../nelm-controller
  version: 1.0.0-alpha.1
- name: flux-source-controller
  repository: file://../flux-source-controller
  version: 1.0.0-alpha.1
digest: sha256:27932a759197301d074f21555f594b9320ef23df9031350edf496e654a7d2d11
generated: "2026-10-10T01:37:16.545180892+03:00"
